
Microsoft Visual Studio Solution File, Format Version 12.00
# Visual Studio Version 16
VisualStudioVersion = 16.0.31729.503
MinimumVisualStudioVersion = 10.0.40219.1
Project("{8BC9CEB8-8B4A-11D0-8D11-00A0C91BC942}") = "Log4jScanner", "Log4jScanner.vcxproj", "{C8FE89CE-1114-46A1-BF01-6AA2394A7233}"
	ProjectSection(ProjectDependencies) = postProject
		{745DEC58-EBB3-47A9-A9B8-4C6627C01BF8} = {745DEC58-EBB3-47A9-A9B8-4C6627C01BF8}
		{745DEC58-EBB3-47A9-A9B8-4C6627C01BF9} = {745DEC58-EBB3-47A9-A9B8-4C6627C01BF9}
		{745DEC58-EBB3-47A9-A9B8-4C6627D01BF9} = {745DEC58-EBB3-47A9-A9B8-4C6627D01BF9}
		{745DEC58-EBB3-47C9-A9B8-4C6627C01BF9} = {745DEC58-EBB3-47C9-A9B8-4C6627C01BF9}
	EndProjectSection
EndProject
Project("{8BC9CEB8-8B4A-11D0-8D11-00A0C91BC942}") = "zlib", "zlib\contrib\vstudio\vc14\zlibstat.vcxproj", "{745DEC58-EBB3-47A9-A9B8-4C6627C01BF8}"
EndProject
Project("{8BC9CEB8-8B4A-11D0-8D11-00A0C91BC942}") = "minizip", "minizip\minizip.vcxproj", "{745DEC58-EBB3-47A9-A9B8-4C6627C01BF9}"
	ProjectSection(ProjectDependencies) = postProject
		{745DEC58-EBB3-47A9-A9B8-4C6627C01BF8} = {745DEC58-EBB3-47A9-A9B8-4C6627C01BF8}
	EndProjectSection
EndProject
Project("{8BC9CEB8-8B4A-11D0-8D11-00A0C91BC942}") = "Log4jRemediate", "Log4jRemediate.vcxproj", "{C8FE89CE-1114-46A1-BF01-6AA2394A7232}"
	ProjectSection(ProjectDependencies) = postProject
		{22858453-A204-369F-B763-9170680BE0FB} = {22858453-A204-369F-B763-9170680BE0FB}
		{745DEC58-EBB3-47A9-A9B8-4C6627C01BF8} = {745DEC58-EBB3-47A9-A9B8-4C6627C01BF8}
		{745DEC58-EBB3-47C9-A9B8-4C6627C01BF9} = {745DEC58-EBB3-47C9-A9B8-4C6627C01BF9}
	EndProjectSection
EndProject
Project("{8BC9CEB8-8B4A-11D0-8D11-00A0C91BC942}") = "tarlib", "tarlib\tarlib.vcxproj", "{745DEC58-EBB3-47A9-A9B8-4C6627D01BF9}"
EndProject
Project("{8BC9CEB8-8B4A-11D0-8D11-00A0C91BC942}") = "bzip2", "bzip2\bzip2.vcxproj", "{745DEC58-EBB3-47C9-A9B8-4C6627C01BF9}"
EndProject
Project("{8BC9CEB8-8B4A-11D0-8D11-00A0C91BC942}") = "archive_static", "libarchive\archive_static.vcxproj", "{22858453-A204-369F-B763-9170680BE0FB}"
	ProjectSection(ProjectDependencies) = postProject
		{745DEC58-EBB3-47A9-A9B8-4C6627C01BF8} = {745DEC58-EBB3-47A9-A9B8-4C6627C01BF8}
		{745DEC58-EBB3-47C9-A9B8-4C6627C01BF9} = {745DEC58-EBB3-47C9-A9B8-4C6627C01BF9}
	EndProjectSection
EndProject
Global
	GlobalSection(SolutionConfigurationPlatforms) = preSolution
		Debug|x64 = Debug|x64
		Debug|x86 = Debug|x86
		Release|x64 = Release|x64
		Release|x86 = Release|x86
	EndGlobalSection
	GlobalSection(ProjectConfigurationPlatforms) = postSolution
		{C8FE89CE-1114-46A1-BF01-6AA2394A7233}.Debug|x64.ActiveCfg = Debug|x64
		{C8FE89CE-1114-46A1-BF01-6AA2394A7233}.Debug|x64.Build.0 = Debug|x64
		{C8FE89CE-1114-46A1-BF01-6AA2394A7233}.Debug|x86.ActiveCfg = Debug|Win32
		{C8FE89CE-1114-46A1-BF01-6AA2394A7233}.Debug|x86.Build.0 = Debug|Win32
		{C8FE89CE-1114-46A1-BF01-6AA2394A7233}.Release|x64.ActiveCfg = Release|x64
		{C8FE89CE-1114-46A1-BF01-6AA2394A7233}.Release|x64.Build.0 = Release|x64
		{C8FE89CE-1114-46A1-BF01-6AA2394A7233}.Release|x86.ActiveCfg = Release|Win32
		{C8FE89CE-1114-46A1-BF01-6AA2394A7233}.Release|x86.Build.0 = Release|Win32
		{745DEC58-EBB3-47A9-A9B8-4C6627C01BF8}.Debug|x64.ActiveCfg = Debug|x64
		{745DEC58-EBB3-47A9-A9B8-4C6627C01BF8}.Debug|x64.Build.0 = Debug|x64
		{745DEC58-EBB3-47A9-A9B8-4C6627C01BF8}.Debug|x86.ActiveCfg = Debug|Win32
		{745DEC58-EBB3-47A9-A9B8-4C6627C01BF8}.Debug|x86.Build.0 = Debug|Win32
		{745DEC58-EBB3-47A9-A9B8-4C6627C01BF8}.Release|x64.ActiveCfg = Release|x64
		{745DEC58-EBB3-47A9-A9B8-4C6627C01BF8}.Release|x64.Build.0 = Release|x64
		{745DEC58-EBB3-47A9-A9B8-4C6627C01BF8}.Release|x86.ActiveCfg = Release|Win32
		{745DEC58-EBB3-47A9-A9B8-4C6627C01BF8}.Release|x86.Build.0 = Release|Win32
		{745DEC58-EBB3-47A9-A9B8-4C6627C01BF9}.Debug|x64.ActiveCfg = Debug|x64
		{745DEC58-EBB3-47A9-A9B8-4C6627C01BF9}.Debug|x64.Build.0 = Debug|x64
		{745DEC58-EBB3-47A9-A9B8-4C6627C01BF9}.Debug|x86.ActiveCfg = Debug|Win32
		{745DEC58-EBB3-47A9-A9B8-4C6627C01BF9}.Debug|x86.Build.0 = Debug|Win32
		{745DEC58-EBB3-47A9-A9B8-4C6627C01BF9}.Release|x64.ActiveCfg = Release|x64
		{745DEC58-EBB3-47A9-A9B8-4C6627C01BF9}.Release|x64.Build.0 = Release|x64
		{745DEC58-EBB3-47A9-A9B8-4C6627C01BF9}.Release|x86.ActiveCfg = Release|Win32
		{745DEC58-EBB3-47A9-A9B8-4C6627C01BF9}.Release|x86.Build.0 = Release|Win32
		{C8FE89CE-1114-46A1-BF01-6AA2394A7232}.Debug|x64.ActiveCfg = Debug|x64
		{C8FE89CE-1114-46A1-BF01-6AA2394A7232}.Debug|x64.Build.0 = Debug|x64
		{C8FE89CE-1114-46A1-BF01-6AA2394A7232}.Debug|x86.ActiveCfg = Debug|Win32
		{C8FE89CE-1114-46A1-BF01-6AA2394A7232}.Debug|x86.Build.0 = Debug|Win32
		{C8FE89CE-1114-46A1-BF01-6AA2394A7232}.Release|x64.ActiveCfg = Release|x64
		{C8FE89CE-1114-46A1-BF01-6AA2394A7232}.Release|x64.Build.0 = Release|x64
		{C8FE89CE-1114-46A1-BF01-6AA2394A7232}.Release|x86.ActiveCfg = Release|Win32
		{C8FE89CE-1114-46A1-BF01-6AA2394A7232}.Release|x86.Build.0 = Release|Win32
		{745DEC58-EBB3-47A9-A9B8-4C6627D01BF9}.Debug|x64.ActiveCfg = Debug|x64
		{745DEC58-EBB3-47A9-A9B8-4C6627D01BF9}.Debug|x64.Build.0 = Debug|x64
		{745DEC58-EBB3-47A9-A9B8-4C6627D01BF9}.Debug|x86.ActiveCfg = Debug|Win32
		{745DEC58-EBB3-47A9-A9B8-4C6627D01BF9}.Debug|x86.Build.0 = Debug|Win32
		{745DEC58-EBB3-47A9-A9B8-4C6627D01BF9}.Release|x64.ActiveCfg = Release|x64
		{745DEC58-EBB3-47A9-A9B8-4C6627D01BF9}.Release|x64.Build.0 = Release|x64
		{745DEC58-EBB3-47A9-A9B8-4C6627D01BF9}.Release|x86.ActiveCfg = Release|Win32
		{745DEC58-EBB3-47A9-A9B8-4C6627D01BF9}.Release|x86.Build.0 = Release|Win32
		{745DEC58-EBB3-47C9-A9B8-4C6627C01BF9}.Debug|x64.ActiveCfg = Debug|x64
		{745DEC58-EBB3-47C9-A9B8-4C6627C01BF9}.Debug|x64.Build.0 = Debug|x64
		{745DEC58-EBB3-47C9-A9B8-4C6627C01BF9}.Debug|x86.ActiveCfg = Debug|Win32
		{745DEC58-EBB3-47C9-A9B8-4C6627C01BF9}.Debug|x86.Build.0 = Debug|Win32
		{745DEC58-EBB3-47C9-A9B8-4C6627C01BF9}.Release|x64.ActiveCfg = Release|x64
		{745DEC58-EBB3-47C9-A9B8-4C6627C01BF9}.Release|x64.Build.0 = Release|x64
		{745DEC58-EBB3-47C9-A9B8-4C6627C01BF9}.Release|x86.ActiveCfg = Release|Win32
		{745DEC58-EBB3-47C9-A9B8-4C6627C01BF9}.Release|x86.Build.0 = Release|Win32
		{22858453-A204-369F-B763-9170680BE0FB}.Debug|x64.ActiveCfg = Debug|x64
		{22858453-A204-369F-B763-9170680BE0FB}.Debug|x64.Build.0 = Debug|x64
		{22858453-A204-369F-B763-9170680BE0FB}.Debug|x86.ActiveCfg = Debug|Win32
		{22858453-A204-369F-B763-9170680BE0FB}.Debug|x86.Build.0 = Debug|Win32
		{22858453-A204-369F-B763-9170680BE0FB}.Release|x64.ActiveCfg = Release|x64
		{22858453-A204-369F-B763-9170680BE0FB}.Release|x64.Build.0 = Release|x64
		{22858453-A204-369F-B763-9170680BE0FB}.Release|x86.ActiveCfg = Release|Win32
		{22858453-A204-369F-B763-9170680BE0FB}.Release|x86.Build.0 = Release|Win32
	EndGlobalSection
	GlobalSection(SolutionProperties) = preSolution
		HideSolutionNode = FALSE
	EndGlobalSection
	GlobalSection(ExtensibilityGlobals) = postSolution
		SolutionGuid = {4CF20C45-1709-4106-B16E-8B9337BF6A55}
	EndGlobalSection
EndGlobal
