<?xml version="1.0" encoding="utf-8"?>
<Project ToolsVersion="4.0" xmlns="http://schemas.microsoft.com/developer/msbuild/2003">
  <ItemGroup>
    <Filter Include="Source Files">
      <UniqueIdentifier>{3e47117d-7e00-451f-87b5-aad6134a7ec0}</UniqueIdentifier>
    </Filter>
    <Filter Include="Header Files">
      <UniqueIdentifier>{b802c171-17a2-49f7-9a24-3e1c8e1c23ff}</UniqueIdentifier>
    </Filter>
    <Filter Include="Resource Files">
      <UniqueIdentifier>{81e85710-2079-4285-87a6-c69f9455903c}</UniqueIdentifier>
    </Filter>
  </ItemGroup>
  <ItemGroup>
    <ClCompile Include="blocksort.c">
      <Filter>Source Files</Filter>
    </ClCompile>
    <ClCompile Include="bzlib.c">
      <Filter>Source Files</Filter>
    </ClCompile>
    <ClCompile Include="compress.c">
      <Filter>Source Files</Filter>
    </ClCompile>
    <ClCompile Include="crctable.c">
      <Filter>Source Files</Filter>
    </ClCompile>
    <ClCompile Include="decompress.c">
      <Filter>Source Files</Filter>
    </ClCompile>
    <ClCompile Include="huffman.c">
      <Filter>Source Files</Filter>
    </ClCompile>
    <ClCompile Include="randtable.c">
      <Filter>Source Files</Filter>
    </ClCompile>
  </ItemGroup>
  <ItemGroup>
    <ClInclude Include="bzlib.h">
      <Filter>Header Files</Filter>
    </ClInclude>
    <ClInclude Include="bzlib_private.h">
      <Filter>Header Files</Filter>
    </ClInclude>
  </ItemGroup>
</Project>